
Microsoft Visual Studio Solution File, Format Version 12.00
# Visual Studio Version 17
VisualStudioVersion = 17.14.36518.9 d17.14
MinimumVisualStudioVersion = 10.0.40219.1
Project("{FAE04EC0-301F-11D3-BF4B-00C04F79EFBC}") = "RoslynReferenceAnalyzer", "RoslynReferenceAnalyzer.csproj", "{284020B6-A8B2-49E7-94CA-7C41659E3A47}"
EndProject
Global
	GlobalSection(SolutionConfigurationPlatforms) = preSolution
		Debug|Any CPU = Debug|Any CPU
		Release|Any CPU = Release|Any CPU
	EndGlobalSection
	GlobalSection(ProjectConfigurationPlatforms) = postSolution
		{284020B6-A8B2-49E7-94CA-7C41659E3A47}.Debug|Any CPU.ActiveCfg = Debug|Any CPU
		{284020B6-A8B2-49E7-94CA-7C41659E3A47}.Debug|Any CPU.Build.0 = Debug|Any CPU
		{284020B6-A8B2-49E7-94CA-7C41659E3A47}.Release|Any CPU.ActiveCfg = Release|Any CPU
		{284020B6-A8B2-49E7-94CA-7C41659E3A47}.Release|Any CPU.Build.0 = Release|Any CPU
	EndGlobalSection
	GlobalSection(SolutionProperties) = preSolution
		HideSolutionNode = FALSE
	EndGlobalSection
	GlobalSection(ExtensibilityGlobals) = postSolution
		SolutionGuid = {EE1EC40F-F56B-4933-ADAE-B456DEC2FFBA}
	EndGlobalSection
EndGlobal
